// !$*UTF8*$!
{
	archiveVersion = 1;
	classes = {
	};
	objectVersion = 56;
	objects = {

/* Begin PBXBuildFile section */
		FC8BB6F82B1CB4D400F7429C /* ChicChicB2CApp.swift in Sources */ = {isa = PBXBuildFile; fileRef = FC8BB6F72B1CB4D400F7429C /* ChicChicB2CApp.swift */; };
		FC8BB6FF2B1CB4D600F7429C /* Preview Assets.xcassets in Resources */ = {isa = PBXBuildFile; fileRef = FC8BB6FE2B1CB4D600F7429C /* Preview Assets.xcassets */; };
		FC8BB7102B1CB4FB00F7429C /* ImageCacheViewModel.swift in Sources */ = {isa = PBXBuildFile; fileRef = FC8BB7062B1CB4FB00F7429C /* ImageCacheViewModel.swift */; };
		FC8BB7112B1CB4FB00F7429C /* Assets.xcassets in Resources */ = {isa = PBXBuildFile; fileRef = FC8BB7072B1CB4FB00F7429C /* Assets.xcassets */; };
		FC8BB7122B1CB4FB00F7429C /* HomeViewModel.swift in Sources */ = {isa = PBXBuildFile; fileRef = FC8BB7082B1CB4FB00F7429C /* HomeViewModel.swift */; };
		FC8BB7142B1CB4FB00F7429C /* ProductDetailView.swift in Sources */ = {isa = PBXBuildFile; fileRef = FC8BB70B2B1CB4FB00F7429C /* ProductDetailView.swift */; };
		FC8BB7162B1CB4FB00F7429C /* HomeView.swift in Sources */ = {isa = PBXBuildFile; fileRef = FC8BB70D2B1CB4FB00F7429C /* HomeView.swift */; };
		FC8BB7182B1CB4FB00F7429C /* RemoteFeedLoaderWithFallback.swift in Sources */ = {isa = PBXBuildFile; fileRef = FC8BB70F2B1CB4FB00F7429C /* RemoteFeedLoaderWithFallback.swift */; };
		FC8BB7582B1CEED500F7429C /* ProductFeature.framework in Frameworks */ = {isa = PBXBuildFile; fileRef = FC8BB7572B1CEED500F7429C /* ProductFeature.framework */; };
		FC8BB7592B1CEED500F7429C /* ProductFeature.framework in Embed Frameworks */ = {isa = PBXBuildFile; fileRef = FC8BB7572B1CEED500F7429C /* ProductFeature.framework */; settings = {ATTRIBUTES = (CodeSignOnCopy, RemoveHeadersOnCopy, ); }; };
		FC8BB75B2B1CEED900F7429C /* ProductFeatureUI.framework in Frameworks */ = {isa = PBXBuildFile; fileRef = FC8BB75A2B1CEED900F7429C /* ProductFeatureUI.framework */; };
		FC8BB75C2B1CEED900F7429C /* ProductFeatureUI.framework in Embed Frameworks */ = {isa = PBXBuildFile; fileRef = FC8BB75A2B1CEED900F7429C /* ProductFeatureUI.framework */; settings = {ATTRIBUTES = (CodeSignOnCopy, RemoveHeadersOnCopy, ); }; };
/* End PBXBuildFile section */

/* Begin PBXCopyFilesBuildPhase section */
		FC8BB7382B1CB59400F7429C /* Embed Frameworks */ = {
			isa = PBXCopyFilesBuildPhase;
			buildActionMask = 2147483647;
			dstPath = "";
			dstSubfolderSpec = 10;
			files = (
				FC8BB7592B1CEED500F7429C /* ProductFeature.framework in Embed Frameworks */,
				FC8BB75C2B1CEED900F7429C /* ProductFeatureUI.framework in Embed Frameworks */,
			);
			name = "Embed Frameworks";
			runOnlyForDeploymentPostprocessing = 0;
		};
/* End PBXCopyFilesBuildPhase section */

/* Begin PBXFileReference section */
		FC8BB6F42B1CB4D400F7429C /* ChicChicB2C.app */ = {isa = PBXFileReference; explicitFileType = wrapper.application; includeInIndex = 0; path = ChicChicB2C.app; sourceTree = BUILT_PRODUCTS_DIR; };
		FC8BB6F72B1CB4D400F7429C /* ChicChicB2CApp.swift */ = {isa = PBXFileReference; lastKnownFileType = sourcecode.swift; path = ChicChicB2CApp.swift; sourceTree = "<group>"; };
		FC8BB6FE2B1CB4D600F7429C /* Preview Assets.xcassets */ = {isa = PBXFileReference; lastKnownFileType = folder.assetcatalog; path = "Preview Assets.xcassets"; sourceTree = "<group>"; };
		FC8BB7062B1CB4FB00F7429C /* ImageCacheViewModel.swift */ = {isa = PBXFileReference; fileEncoding = 4; lastKnownFileType = sourcecode.swift; path = ImageCacheViewModel.swift; sourceTree = "<group>"; };
		FC8BB7072B1CB4FB00F7429C /* Assets.xcassets */ = {isa = PBXFileReference; lastKnownFileType = folder.assetcatalog; path = Assets.xcassets; sourceTree = "<group>"; };
		FC8BB7082B1CB4FB00F7429C /* HomeViewModel.swift */ = {isa = PBXFileReference; fileEncoding = 4; lastKnownFileType = sourcecode.swift; path = HomeViewModel.swift; sourceTree = "<group>"; };
		FC8BB70B2B1CB4FB00F7429C /* ProductDetailView.swift */ = {isa = PBXFileReference; fileEncoding = 4; lastKnownFileType = sourcecode.swift; path = ProductDetailView.swift; sourceTree = "<group>"; };
		FC8BB70D2B1CB4FB00F7429C /* HomeView.swift */ = {isa = PBXFileReference; fileEncoding = 4; lastKnownFileType = sourcecode.swift; path = HomeView.swift; sourceTree = "<group>"; };
		FC8BB70F2B1CB4FB00F7429C /* RemoteFeedLoaderWithFallback.swift */ = {isa = PBXFileReference; fileEncoding = 4; lastKnownFileType = sourcecode.swift; path = RemoteFeedLoaderWithFallback.swift; sourceTree = "<group>"; };
		FC8BB7572B1CEED500F7429C /* ProductFeature.framework */ = {isa = PBXFileReference; explicitFileType = wrapper.framework; path = ProductFeature.framework; sourceTree = BUILT_PRODUCTS_DIR; };
		FC8BB75A2B1CEED900F7429C /* ProductFeatureUI.framework */ = {isa = PBXFileReference; explicitFileType = wrapper.framework; path = ProductFeatureUI.framework; sourceTree = BUILT_PRODUCTS_DIR; };
/* End PBXFileReference section */

/* Begin PBXFrameworksBuildPhase section */
		FC8BB6F12B1CB4D400F7429C /* Frameworks */ = {
			isa = PBXFrameworksBuildPhase;
			buildActionMask = 2147483647;
			files = (
				FC8BB7582B1CEED500F7429C /* ProductFeature.framework in Frameworks */,
				FC8BB75B2B1CEED900F7429C /* ProductFeatureUI.framework in Frameworks */,
			);
			runOnlyForDeploymentPostprocessing = 0;
		};
/* End PBXFrameworksBuildPhase section */

/* Begin PBXGroup section */
		FC8BB6EB2B1CB4D400F7429C = {
			isa = PBXGroup;
			children = (
				FC8BB6F62B1CB4D400F7429C /* ChicChicB2C */,
				FC8BB6F52B1CB4D400F7429C /* Products */,
				FC8BB7352B1CB59400F7429C /* Frameworks */,
			);
			sourceTree = "<group>";
		};
		FC8BB6F52B1CB4D400F7429C /* Products */ = {
			isa = PBXGroup;
			children = (
				FC8BB6F42B1CB4D400F7429C /* ChicChicB2C.app */,
			);
			name = Products;
			sourceTree = "<group>";
		};
		FC8BB6F62B1CB4D400F7429C /* ChicChicB2C */ = {
			isa = PBXGroup;
			children = (
				FCFE00532B1CF0A3002F90AD /* Home */,
				FCFE00542B1CF0ED002F90AD /* DetailView */,
				FC8BB7072B1CB4FB00F7429C /* Assets.xcassets */,
				FC8BB6F72B1CB4D400F7429C /* ChicChicB2CApp.swift */,
				FC8BB6FD2B1CB4D600F7429C /* Preview Content */,
			);
			path = ChicChicB2C;
			sourceTree = "<group>";
		};
		FC8BB6FD2B1CB4D600F7429C /* Preview Content */ = {
			isa = PBXGroup;
			children = (
				FC8BB6FE2B1CB4D600F7429C /* Preview Assets.xcassets */,
			);
			path = "Preview Content";
			sourceTree = "<group>";
		};
		FC8BB7352B1CB59400F7429C /* Frameworks */ = {
			isa = PBXGroup;
			children = (
				FC8BB75A2B1CEED900F7429C /* ProductFeatureUI.framework */,
				FC8BB7572B1CEED500F7429C /* ProductFeature.framework */,
			);
			name = Frameworks;
			sourceTree = "<group>";
		};
		FCFE00532B1CF0A3002F90AD /* Home */ = {
			isa = PBXGroup;
			children = (
				FC8BB70D2B1CB4FB00F7429C /* HomeView.swift */,
				FC8BB7082B1CB4FB00F7429C /* HomeViewModel.swift */,
				FC8BB7062B1CB4FB00F7429C /* ImageCacheViewModel.swift */,
				FC8BB70F2B1CB4FB00F7429C /* RemoteFeedLoaderWithFallback.swift */,
			);
			path = Home;
			sourceTree = "<group>";
		};
		FCFE00542B1CF0ED002F90AD /* DetailView */ = {
			isa = PBXGroup;
			children = (
				FC8BB70B2B1CB4FB00F7429C /* ProductDetailView.swift */,
			);
			path = DetailView;
			sourceTree = "<group>";
		};
/* End PBXGroup section */

/* Begin PBXNativeTarget section */
		FC8BB6F32B1CB4D400F7429C /* ChicChicB2C */ = {
			isa = PBXNativeTarget;
			buildConfigurationList = FC8BB7022B1CB4D600F7429C /* Build configuration list for PBXNativeTarget "ChicChicB2C" */;
			buildPhases = (
				FC8BB6F02B1CB4D400F7429C /* Sources */,
				FC8BB6F12B1CB4D400F7429C /* Frameworks */,
				FC8BB6F22B1CB4D400F7429C /* Resources */,
				FC8BB7382B1CB59400F7429C /* Embed Frameworks */,
			);
			buildRules = (
			);
			dependencies = (
			);
			name = ChicChicB2C;
			productName = ChicChicB2C;
			productReference = FC8BB6F42B1CB4D400F7429C /* ChicChicB2C.app */;
			productType = "com.apple.product-type.application";
		};
/* End PBXNativeTarget section */

/* Begin PBXProject section */
		FC8BB6EC2B1CB4D400F7429C /* Project object */ = {
			isa = PBXProject;
			attributes = {
				BuildIndependentTargetsInParallel = 1;
				LastSwiftUpdateCheck = 1500;
				LastUpgradeCheck = 1500;
				TargetAttributes = {
					FC8BB6F32B1CB4D400F7429C = {
						CreatedOnToolsVersion = 15.0.1;
					};
				};
			};
			buildConfigurationList = FC8BB6EF2B1CB4D400F7429C /* Build configuration list for PBXProject "ChicChicB2C" */;
			compatibilityVersion = "Xcode 14.0";
			developmentRegion = en;
			hasScannedForEncodings = 0;
			knownRegions = (
				en,
				Base,
			);
			mainGroup = FC8BB6EB2B1CB4D400F7429C;
			productRefGroup = FC8BB6F52B1CB4D400F7429C /* Products */;
			projectDirPath = "";
			projectRoot = "";
			targets = (
				FC8BB6F32B1CB4D400F7429C /* ChicChicB2C */,
			);
		};
/* End PBXProject section */

/* Begin PBXResourcesBuildPhase section */
		FC8BB6F22B1CB4D400F7429C /* Resources */ = {
			isa = PBXResourcesBuildPhase;
			buildActionMask = 2147483647;
			files = (
				FC8BB6FF2B1CB4D600F7429C /* Preview Assets.xcassets in Resources */,
				FC8BB7112B1CB4FB00F7429C /* Assets.xcassets in Resources */,
			);
			runOnlyForDeploymentPostprocessing = 0;
		};
/* End PBXResourcesBuildPhase section */

/* Begin PBXSourcesBuildPhase section */
		FC8BB6F02B1CB4D400F7429C /* Sources */ = {
			isa = PBXSourcesBuildPhase;
			buildActionMask = 2147483647;
			files = (
				FC8BB7182B1CB4FB00F7429C /* RemoteFeedLoaderWithFallback.swift in Sources */,
				FC8BB7162B1CB4FB00F7429C /* HomeView.swift in Sources */,
				FC8BB7142B1CB4FB00F7429C /* ProductDetailView.swift in Sources */,
				FC8BB7102B1CB4FB00F7429C /* ImageCacheViewModel.swift in Sources */,
				FC8BB7122B1CB4FB00F7429C /* HomeViewModel.swift in Sources */,
				FC8BB6F82B1CB4D400F7429C /* ChicChicB2CApp.swift in Sources */,
			);
			runOnlyForDeploymentPostprocessing = 0;
		};
/* End PBXSourcesBuildPhase section */

/* Begin XCBuildConfiguration section */
		FC8BB7002B1CB4D600F7429C /* Debug */ = {
			isa = XCBuildConfiguration;
			buildSettings = {
				ALWAYS_SEARCH_USER_PATHS = NO;
				ASSETCATALOG_COMPILER_GENERATE_SWIFT_ASSET_SYMBOL_EXTENSIONS = YES;
				CLANG_ANALYZER_NONNULL = YES;
				CLANG_ANALYZER_NUMBER_OBJECT_CONVERSION = YES_AGGRESSIVE;
				CLANG_CXX_LANGUAGE_STANDARD = "gnu++20";
				CLANG_ENABLE_MODULES = YES;
				CLANG_ENABLE_OBJC_ARC = YES;
				CLANG_ENABLE_OBJC_WEAK = YES;
				CLANG_WARN_BLOCK_CAPTURE_AUTORELEASING = YES;
				CLANG_WARN_BOOL_CONVERSION = YES;
				CLANG_WARN_COMMA = YES;
				CLANG_WARN_CONSTANT_CONVERSION = YES;
				CLANG_WARN_DEPRECATED_OBJC_IMPLEMENTATIONS = YES;
				CLANG_WARN_DIRECT_OBJC_ISA_USAGE = YES_ERROR;
				CLANG_WARN_DOCUMENTATION_COMMENTS = YES;
				CLANG_WARN_EMPTY_BODY = YES;
				CLANG_WARN_ENUM_CONVERSION = YES;
				CLANG_WARN_INFINITE_RECURSION = YES;
				CLANG_WARN_INT_CONVERSION = YES;
				CLANG_WARN_NON_LITERAL_NULL_CONVERSION = YES;
				CLANG_WARN_OBJC_IMPLICIT_RETAIN_SELF = YES;
				CLANG_WARN_OBJC_LITERAL_CONVERSION = YES;
				CLANG_WARN_OBJC_ROOT_CLASS = YES_ERROR;
				CLANG_WARN_QUOTED_INCLUDE_IN_FRAMEWORK_HEADER = YES;
				CLANG_WARN_RANGE_LOOP_ANALYSIS = YES;
				CLANG_WARN_STRICT_PROTOTYPES = YES;
				CLANG_WARN_SUSPICIOUS_MOVE = YES;
				CLANG_WARN_UNGUARDED_AVAILABILITY = YES_AGGRESSIVE;
				CLANG_WARN_UNREACHABLE_CODE = YES;
				CLANG_WARN__DUPLICATE_METHOD_MATCH = YES;
				COPY_PHASE_STRIP = NO;
				DEBUG_INFORMATION_FORMAT = dwarf;
				ENABLE_STRICT_OBJC_MSGSEND = YES;
				ENABLE_TESTABILITY = YES;
				ENABLE_USER_SCRIPT_SANDBOXING = YES;
				GCC_C_LANGUAGE_STANDARD = gnu17;
				GCC_DYNAMIC_NO_PIC = NO;
				GCC_NO_COMMON_BLOCKS = YES;
				GCC_OPTIMIZATION_LEVEL = 0;
				GCC_PREPROCESSOR_DEFINITIONS = (
					"DEBUG=1",
					"$(inherited)",
				);
				GCC_WARN_64_TO_32_BIT_CONVERSION = YES;
				GCC_WARN_ABOUT_RETURN_TYPE = YES_ERROR;
				GCC_WARN_UNDECLARED_SELECTOR = YES;
				GCC_WARN_UNINITIALIZED_AUTOS = YES_AGGRESSIVE;
				GCC_WARN_UNUSED_FUNCTION = YES;
				GCC_WARN_UNUSED_VARIABLE = YES;
				IPHONEOS_DEPLOYMENT_TARGET = 17.0;
				LOCALIZATION_PREFERS_STRING_CATALOGS = YES;
				MTL_ENABLE_DEBUG_INFO = INCLUDE_SOURCE;
				MTL_FAST_MATH = YES;
				ONLY_ACTIVE_ARCH = YES;
				SDKROOT = iphoneos;
				SWIFT_ACTIVE_COMPILATION_CONDITIONS = "DEBUG $(inherited)";
				SWIFT_OPTIMIZATION_LEVEL = "-Onone";
			};
			name = Debug;
		};
		FC8BB7012B1CB4D600F7429C /* Release */ = {
			isa = XCBuildConfiguration;
			buildSettings = {
				ALWAYS_SEARCH_USER_PATHS = NO;
				ASSETCATALOG_COMPILER_GENERATE_SWIFT_ASSET_SYMBOL_EXTENSIONS = YES;
				CLANG_ANALYZER_NONNULL = YES;
				CLANG_ANALYZER_NUMBER_OBJECT_CONVERSION = YES_AGGRESSIVE;
				CLANG_CXX_LANGUAGE_STANDARD = "gnu++20";
				CLANG_ENABLE_MODULES = YES;
				CLANG_ENABLE_OBJC_ARC = YES;
				CLANG_ENABLE_OBJC_WEAK = YES;
				CLANG_WARN_BLOCK_CAPTURE_AUTORELEASING = YES;
				CLANG_WARN_BOOL_CONVERSION = YES;
				CLANG_WARN_COMMA = YES;
				CLANG_WARN_CONSTANT_CONVERSION = YES;
				CLANG_WARN_DEPRECATED_OBJC_IMPLEMENTATIONS = YES;
				CLANG_WARN_DIRECT_OBJC_ISA_USAGE = YES_ERROR;
				CLANG_WARN_DOCUMENTATION_COMMENTS = YES;
				CLANG_WARN_EMPTY_BODY = YES;
				CLANG_WARN_ENUM_CONVERSION = YES;
				CLANG_WARN_INFINITE_RECURSION = YES;
				CLANG_WARN_INT_CONVERSION = YES;
				CLANG_WARN_NON_LITERAL_NULL_CONVERSION = YES;
				CLANG_WARN_OBJC_IMPLICIT_RETAIN_SELF = YES;
				CLANG_WARN_OBJC_LITERAL_CONVERSION = YES;
				CLANG_WARN_OBJC_ROOT_CLASS = YES_ERROR;
				CLANG_WARN_QUOTED_INCLUDE_IN_FRAMEWORK_HEADER = YES;
				CLANG_WARN_RANGE_LOOP_ANALYSIS = YES;
				CLANG_WARN_STRICT_PROTOTYPES = YES;
				CLANG_WARN_SUSPICIOUS_MOVE = YES;
				CLANG_WARN_UNGUARDED_AVAILABILITY = YES_AGGRESSIVE;
				CLANG_WARN_UNREACHABLE_CODE = YES;
				CLANG_WARN__DUPLICATE_METHOD_MATCH = YES;
				COPY_PHASE_STRIP = NO;
				DEBUG_INFORMATION_FORMAT = "dwarf-with-dsym";
				ENABLE_NS_ASSERTIONS = NO;
				ENABLE_STRICT_OBJC_MSGSEND = YES;
				ENABLE_USER_SCRIPT_SANDBOXING = YES;
				GCC_C_LANGUAGE_STANDARD = gnu17;
				GCC_NO_COMMON_BLOCKS = YES;
				GCC_WARN_64_TO_32_BIT_CONVERSION = YES;
				GCC_WARN_ABOUT_RETURN_TYPE = YES_ERROR;
				GCC_WARN_UNDECLARED_SELECTOR = YES;
				GCC_WARN_UNINITIALIZED_AUTOS = YES_AGGRESSIVE;
				GCC_WARN_UNUSED_FUNCTION = YES;
				GCC_WARN_UNUSED_VARIABLE = YES;
				IPHONEOS_DEPLOYMENT_TARGET = 17.0;
				LOCALIZATION_PREFERS_STRING_CATALOGS = YES;
				MTL_ENABLE_DEBUG_INFO = NO;
				MTL_FAST_MATH = YES;
				SDKROOT = iphoneos;
				SWIFT_COMPILATION_MODE = wholemodule;
				VALIDATE_PRODUCT = YES;
			};
			name = Release;
		};
		FC8BB7032B1CB4D600F7429C /* Debug */ = {
			isa = XCBuildConfiguration;
			buildSettings = {
				ASSETCATALOG_COMPILER_APPICON_NAME = AppIcon;
				ASSETCATALOG_COMPILER_GLOBAL_ACCENT_COLOR_NAME = AccentColor;
				CODE_SIGN_STYLE = Automatic;
				CURRENT_PROJECT_VERSION = 1;
				DEVELOPMENT_ASSET_PATHS = "\"ChicChicB2C/Preview Content\"";
				DEVELOPMENT_TEAM = 846HRR7U4U;
				ENABLE_PREVIEWS = YES;
				GENERATE_INFOPLIST_FILE = YES;
				INFOPLIST_FILE = ChicChicB2C/Info.plist;
				INFOPLIST_KEY_CFBundleDisplayName = ChicB2C;
				INFOPLIST_KEY_UIApplicationSceneManifest_Generation = YES;
				INFOPLIST_KEY_UIApplicationSupportsIndirectInputEvents = YES;
				INFOPLIST_KEY_UILaunchScreen_Generation = YES;
				INFOPLIST_KEY_UISupportedInterfaceOrientations_iPad = "UIInterfaceOrientationPortrait UIInterfaceOrientationPortraitUpsideDown UIInterfaceOrientationLandscapeLeft UIInterfaceOrientationLandscapeRight";
				INFOPLIST_KEY_UISupportedInterfaceOrientations_iPhone = "UIInterfaceOrientationPortrait UIInterfaceOrientationLandscapeLeft UIInterfaceOrientationLandscapeRight";
				INFOPLIST_KEY_UIUserInterfaceStyle = Light;
				LD_RUNPATH_SEARCH_PATHS = (
					"$(inherited)",
					"@executable_path/Frameworks",
				);
				MARKETING_VERSION = 1.0;
				PRODUCT_BUNDLE_IDENTIFIER = com.dhruv.ChicChicB2C;
				PRODUCT_NAME = "$(TARGET_NAME)";
				SUPPORTED_PLATFORMS = "iphoneos iphonesimulator";
				SUPPORTS_MACCATALYST = NO;
				SUPPORTS_MAC_DESIGNED_FOR_IPHONE_IPAD = NO;
				SWIFT_EMIT_LOC_STRINGS = YES;
				SWIFT_VERSION = 5.0;
				TARGETED_DEVICE_FAMILY = 1;
			};
			name = Debug;
		};
		FC8BB7042B1CB4D600F7429C /* Release */ = {
			isa = XCBuildConfiguration;
			buildSettings = {
				ASSETCATALOG_COMPILER_APPICON_NAME = AppIcon;
				ASSETCATALOG_COMPILER_GLOBAL_ACCENT_COLOR_NAME = AccentColor;
				CODE_SIGN_STYLE = Automatic;
				CURRENT_PROJECT_VERSION = 1;
				DEVELOPMENT_ASSET_PATHS = "\"ChicChicB2C/Preview Content\"";
				DEVELOPMENT_TEAM = 846HRR7U4U;
				ENABLE_PREVIEWS = YES;
				GENERATE_INFOPLIST_FILE = YES;
				INFOPLIST_FILE = ChicChicB2C/Info.plist;
				INFOPLIST_KEY_CFBundleDisplayName = ChicB2C;
				INFOPLIST_KEY_UIApplicationSceneManifest_Generation = YES;
				INFOPLIST_KEY_UIApplicationSupportsIndirectInputEvents = YES;
				INFOPLIST_KEY_UILaunchScreen_Generation = YES;
				INFOPLIST_KEY_UISupportedInterfaceOrientations_iPad = "UIInterfaceOrientationPortrait UIInterfaceOrientationPortraitUpsideDown UIInterfaceOrientationLandscapeLeft UIInterfaceOrientationLandscapeRight";
				INFOPLIST_KEY_UISupportedInterfaceOrientations_iPhone = "UIInterfaceOrientationPortrait UIInterfaceOrientationLandscapeLeft UIInterfaceOrientationLandscapeRight";
				INFOPLIST_KEY_UIUserInterfaceStyle = Light;
				LD_RUNPATH_SEARCH_PATHS = (
					"$(inherited)",
					"@executable_path/Frameworks",
				);
				MARKETING_VERSION = 1.0;
				PRODUCT_BUNDLE_IDENTIFIER = com.dhruv.ChicChicB2C;
				PRODUCT_NAME = "$(TARGET_NAME)";
				SUPPORTED_PLATFORMS = "iphoneos iphonesimulator";
				SUPPORTS_MACCATALYST = NO;
				SUPPORTS_MAC_DESIGNED_FOR_IPHONE_IPAD = NO;
				SWIFT_EMIT_LOC_STRINGS = YES;
				SWIFT_VERSION = 5.0;
				TARGETED_DEVICE_FAMILY = 1;
			};
			name = Release;
		};
/* End XCBuildConfiguration section */

/* Begin XCConfigurationList section */
		FC8BB6EF2B1CB4D400F7429C /* Build configuration list for PBXProject "ChicChicB2C" */ = {
			isa = XCConfigurationList;
			buildConfigurations = (
				FC8BB7002B1CB4D600F7429C /* Debug */,
				FC8BB7012B1CB4D600F7429C /* Release */,
			);
			defaultConfigurationIsVisible = 0;
			defaultConfigurationName = Release;
		};
		FC8BB7022B1CB4D600F7429C /* Build configuration list for PBXNativeTarget "ChicChicB2C" */ = {
			isa = XCConfigurationList;
			buildConfigurations = (
				FC8BB7032B1CB4D600F7429C /* Debug */,
				FC8BB7042B1CB4D600F7429C /* Release */,
			);
			defaultConfigurationIsVisible = 0;
			defaultConfigurationName = Release;
		};
/* End XCConfigurationList section */
	};
	rootObject = FC8BB6EC2B1CB4D400F7429C /* Project object */;
}
